// !$*UTF8*$!
{
	archiveVersion = 1;
	classes = {
	};
	objectVersion = 50;
	objects = {

/* Begin PBXBuildFile section */
		8BB7181424F2432A00817D18 /* DetailView.swift in Sources */ = {isa = PBXBuildFile; fileRef = 8BB7181324F2432A00817D18 /* DetailView.swift */; };
		8BB875E524EF9DC70081493F /* AppDelegate.swift in Sources */ = {isa = PBXBuildFile; fileRef = 8BB875E424EF9DC60081493F /* AppDelegate.swift */; };
		8BB875E724EF9DC70081493F /* SceneDelegate.swift in Sources */ = {isa = PBXBuildFile; fileRef = 8BB875E624EF9DC70081493F /* SceneDelegate.swift */; };
		8BB875EA24EF9DC70081493F /* Bookworm.xcdatamodeld in Sources */ = {isa = PBXBuildFile; fileRef = 8BB875E824EF9DC70081493F /* Bookworm.xcdatamodeld */; };
		8BB875EC24EF9DC70081493F /* ContentView.swift in Sources */ = {isa = PBXBuildFile; fileRef = 8BB875EB24EF9DC70081493F /* ContentView.swift */; };
		8BB875EE24EF9DC90081493F /* Assets.xcassets in Resources */ = {isa = PBXBuildFile; fileRef = 8BB875ED24EF9DC90081493F /* Assets.xcassets */; };
		8BB875F124EF9DC90081493F /* Preview Assets.xcassets in Resources */ = {isa = PBXBuildFile; fileRef = 8BB875F024EF9DC90081493F /* Preview Assets.xcassets */; };
		8BB875F424EF9DC90081493F /* LaunchScreen.storyboard in Resources */ = {isa = PBXBuildFile; fileRef = 8BB875F224EF9DC90081493F /* LaunchScreen.storyboard */; };
		8BC5FE7024F0D87700FC7A06 /* AddBookView.swift in Sources */ = {isa = PBXBuildFile; fileRef = 8BC5FE6F24F0D87700FC7A06 /* AddBookView.swift */; };
		8BC5FE7224F0E84D00FC7A06 /* RatingView.swift in Sources */ = {isa = PBXBuildFile; fileRef = 8BC5FE7124F0E84D00FC7A06 /* RatingView.swift */; };
		8BC5FE7424F10DCE00FC7A06 /* EmojiRatingView.swift in Sources */ = {isa = PBXBuildFile; fileRef = 8BC5FE7324F10DCE00FC7A06 /* EmojiRatingView.swift */; };
		8BFAFA4924F3946F00232C8A /* README.md in Resources */ = {isa = PBXBuildFile; fileRef = 8BFAFA4824F3946F00232C8A /* README.md */; };
/* End PBXBuildFile section */

/* Begin PBXFileReference section */
		8BB7181324F2432A00817D18 /* DetailView.swift */ = {isa = PBXFileReference; lastKnownFileType = sourcecode.swift; path = DetailView.swift; sourceTree = "<group>"; };
		8BB875E124EF9DC60081493F /* Bookworm.app */ = {isa = PBXFileReference; explicitFileType = wrapper.application; includeInIndex = 0; path = Bookworm.app; sourceTree = BUILT_PRODUCTS_DIR; };
		8BB875E424EF9DC60081493F /* AppDelegate.swift */ = {isa = PBXFileReference; lastKnownFileType = sourcecode.swift; path = AppDelegate.swift; sourceTree = "<group>"; };
		8BB875E624EF9DC70081493F /* SceneDelegate.swift */ = {isa = PBXFileReference; lastKnownFileType = sourcecode.swift; path = SceneDelegate.swift; sourceTree = "<group>"; };
		8BB875E924EF9DC70081493F /* Bookworm.xcdatamodel */ = {isa = PBXFileReference; lastKnownFileType = wrapper.xcdatamodel; path = Bookworm.xcdatamodel; sourceTree = "<group>"; };
		8BB875EB24EF9DC70081493F /* ContentView.swift */ = {isa = PBXFileReference; lastKnownFileType = sourcecode.swift; path = ContentView.swift; sourceTree = "<group>"; };
		8BB875ED24EF9DC90081493F /* Assets.xcassets */ = {isa = PBXFileReference; lastKnownFileType = folder.assetcatalog; path = Assets.xcassets; sourceTree = "<group>"; };
		8BB875F024EF9DC90081493F /* Preview Assets.xcassets */ = {isa = PBXFileReference; lastKnownFileType = folder.assetcatalog; path = "Preview Assets.xcassets"; sourceTree = "<group>"; };
		8BB875F324EF9DC90081493F /* Base */ = {isa = PBXFileReference; lastKnownFileType = file.storyboard; name = Base; path = Base.lproj/LaunchScreen.storyboard; sourceTree = "<group>"; };
		8BB875F524EF9DC90081493F /* Info.plist */ = {isa = PBXFileReference; lastKnownFileType = text.plist.xml; path = Info.plist; sourceTree = "<group>"; };
		8BC5FE6F24F0D87700FC7A06 /* AddBookView.swift */ = {isa = PBXFileReference; lastKnownFileType = sourcecode.swift; path = AddBookView.swift; sourceTree = "<group>"; };
		8BC5FE7124F0E84D00FC7A06 /* RatingView.swift */ = {isa = PBXFileReference; lastKnownFileType = sourcecode.swift; path = RatingView.swift; sourceTree = "<group>"; };
		8BC5FE7324F10DCE00FC7A06 /* EmojiRatingView.swift */ = {isa = PBXFileReference; lastKnownFileType = sourcecode.swift; path = EmojiRatingView.swift; sourceTree = "<group>"; };
		8BFAFA4824F3946F00232C8A /* README.md */ = {isa = PBXFileReference; fileEncoding = 4; lastKnownFileType = net.daringfireball.markdown; path = README.md; sourceTree = "<group>"; };
/* End PBXFileReference section */

/* Begin PBXFrameworksBuildPhase section */
		8BB875DE24EF9DC60081493F /* Frameworks */ = {
			isa = PBXFrameworksBuildPhase;
			buildActionMask = 2147483647;
			files = (
			);
			runOnlyForDeploymentPostprocessing = 0;
		};
/* End PBXFrameworksBuildPhase section */

/* Begin PBXGroup section */
		8BB875D824EF9DC60081493F = {
			isa = PBXGroup;
			children = (
				8BFAFA4824F3946F00232C8A /* README.md */,
				8BB875E324EF9DC60081493F /* Bookworm */,
				8BB875E224EF9DC60081493F /* Products */,
			);
			sourceTree = "<group>";
		};
		8BB875E224EF9DC60081493F /* Products */ = {
			isa = PBXGroup;
			children = (
				8BB875E124EF9DC60081493F /* Bookworm.app */,
			);
			name = Products;
			sourceTree = "<group>";
		};
		8BB875E324EF9DC60081493F /* Bookworm */ = {
			isa = PBXGroup;
			children = (
				8BB875F524EF9DC90081493F /* Info.plist */,
				8BC5FE6F24F0D87700FC7A06 /* AddBookView.swift */,
				8BB875E424EF9DC60081493F /* AppDelegate.swift */,
				8BB875EB24EF9DC70081493F /* ContentView.swift */,
				8BB7181324F2432A00817D18 /* DetailView.swift */,
				8BC5FE7324F10DCE00FC7A06 /* EmojiRatingView.swift */,
				8BC5FE7124F0E84D00FC7A06 /* RatingView.swift */,
				8BB875E624EF9DC70081493F /* SceneDelegate.swift */,
				8BB875ED24EF9DC90081493F /* Assets.xcassets */,
				8BB875E824EF9DC70081493F /* Bookworm.xcdatamodeld */,
				8BB875F224EF9DC90081493F /* LaunchScreen.storyboard */,
				8BB875EF24EF9DC90081493F /* Preview Content */,
			);
			path = Bookworm;
			sourceTree = "<group>";
		};
		8BB875EF24EF9DC90081493F /* Preview Content */ = {
			isa = PBXGroup;
			children = (
				8BB875F024EF9DC90081493F /* Preview Assets.xcassets */,
			);
			path = "Preview Content";
			sourceTree = "<group>";
		};
/* End PBXGroup section */

/* Begin PBXNativeTarget section */
		8BB875E024EF9DC60081493F /* Bookworm */ = {
			isa = PBXNativeTarget;
			buildConfigurationList = 8BB875F824EF9DC90081493F /* Build configuration list for PBXNativeTarget "Bookworm" */;
			buildPhases = (
				8BB875DD24EF9DC60081493F /* Sources */,
				8BB875DE24EF9DC60081493F /* Frameworks */,
				8BB875DF24EF9DC60081493F /* Resources */,
			);
			buildRules = (
			);
			dependencies = (
			);
			name = Bookworm;
			productName = Bookworm;
			productReference = 8BB875E124EF9DC60081493F /* Bookworm.app */;
			productType = "com.apple.product-type.application";
		};
/* End PBXNativeTarget section */

/* Begin PBXProject section */
		8BB875D924EF9DC60081493F /* Project object */ = {
			isa = PBXProject;
			attributes = {
				LastSwiftUpdateCheck = 1160;
				LastUpgradeCheck = 1160;
				ORGANIZATIONNAME = "Paul Richardson";
				TargetAttributes = {
					8BB875E024EF9DC60081493F = {
						CreatedOnToolsVersion = 11.6;
					};
				};
			};
			buildConfigurationList = 8BB875DC24EF9DC60081493F /* Build configuration list for PBXProject "Bookworm" */;
			compatibilityVersion = "Xcode 9.3";
			developmentRegion = en;
			hasScannedForEncodings = 0;
			knownRegions = (
				en,
				Base,
			);
			mainGroup = 8BB875D824EF9DC60081493F;
			productRefGroup = 8BB875E224EF9DC60081493F /* Products */;
			projectDirPath = "";
			projectRoot = "";
			targets = (
				8BB875E024EF9DC60081493F /* Bookworm */,
			);
		};
/* End PBXProject section */

/* Begin PBXResourcesBuildPhase section */
		8BB875DF24EF9DC60081493F /* Resources */ = {
			isa = PBXResourcesBuildPhase;
			buildActionMask = 2147483647;
			files = (
				8BB875F424EF9DC90081493F /* LaunchScreen.storyboard in Resources */,
				8BB875F124EF9DC90081493F /* Preview Assets.xcassets in Resources */,
				8BFAFA4924F3946F00232C8A /* README.md in Resources */,
				8BB875EE24EF9DC90081493F /* Assets.xcassets in Resources */,
			);
			runOnlyForDeploymentPostprocessing = 0;
		};
/* End PBXResourcesBuildPhase section */

/* Begin PBXSourcesBuildPhase section */
		8BB875DD24EF9DC60081493F /* Sources */ = {
			isa = PBXSourcesBuildPhase;
			buildActionMask = 2147483647;
			files = (
				8BB875E524EF9DC70081493F /* AppDelegate.swift in Sources */,
				8BB7181424F2432A00817D18 /* DetailView.swift in Sources */,
				8BB875EA24EF9DC70081493F /* Bookworm.xcdatamodeld in Sources */,
				8BC5FE7424F10DCE00FC7A06 /* EmojiRatingView.swift in Sources */,
				8BB875EC24EF9DC70081493F /* ContentView.swift in Sources */,
				8BC5FE7224F0E84D00FC7A06 /* RatingView.swift in Sources */,
				8BB875E724EF9DC70081493F /* SceneDelegate.swift in Sources */,
				8BC5FE7024F0D87700FC7A06 /* AddBookView.swift in Sources */,
			);
			runOnlyForDeploymentPostprocessing = 0;
		};
/* End PBXSourcesBuildPhase section */

/* Begin PBXVariantGroup section */
		8BB875F224EF9DC90081493F /* LaunchScreen.storyboard */ = {
			isa = PBXVariantGroup;
			children = (
				8BB875F324EF9DC90081493F /* Base */,
			);
			name = LaunchScreen.storyboard;
			sourceTree = "<group>";
		};
/* End PBXVariantGroup section */

/* Begin XCBuildConfiguration section */
		8BB875F624EF9DC90081493F /* Debug */ = {
			isa = XCBuildConfiguration;
			buildSettings = {
				ALWAYS_SEARCH_USER_PATHS = NO;
				CLANG_ANALYZER_NONNULL = YES;
				CLANG_ANALYZER_NUMBER_OBJECT_CONVERSION = YES_AGGRESSIVE;
				CLANG_CXX_LANGUAGE_STANDARD = "gnu++14";
				CLANG_CXX_LIBRARY = "libc++";
				CLANG_ENABLE_MODULES = YES;
				CLANG_ENABLE_OBJC_ARC = YES;
				CLANG_ENABLE_OBJC_WEAK = YES;
				CLANG_WARN_BLOCK_CAPTURE_AUTORELEASING = YES;
				CLANG_WARN_BOOL_CONVERSION = YES;
				CLANG_WARN_COMMA = YES;
				CLANG_WARN_CONSTANT_CONVERSION = YES;
				CLANG_WARN_DEPRECATED_OBJC_IMPLEMENTATIONS = YES;
				CLANG_WARN_DIRECT_OBJC_ISA_USAGE = YES_ERROR;
				CLANG_WARN_DOCUMENTATION_COMMENTS = YES;
				CLANG_WARN_EMPTY_BODY = YES;
				CLANG_WARN_ENUM_CONVERSION = YES;
				CLANG_WARN_INFINITE_RECURSION = YES;
				CLANG_WARN_INT_CONVERSION = YES;
				CLANG_WARN_NON_LITERAL_NULL_CONVERSION = YES;
				CLANG_WARN_OBJC_IMPLICIT_RETAIN_SELF = YES;
				CLANG_WARN_OBJC_LITERAL_CONVERSION = YES;
				CLANG_WARN_OBJC_ROOT_CLASS = YES_ERROR;
				CLANG_WARN_RANGE_LOOP_ANALYSIS = YES;
				CLANG_WARN_STRICT_PROTOTYPES = YES;
				CLANG_WARN_SUSPICIOUS_MOVE = YES;
				CLANG_WARN_UNGUARDED_AVAILABILITY = YES_AGGRESSIVE;
				CLANG_WARN_UNREACHABLE_CODE = YES;
				CLANG_WARN__DUPLICATE_METHOD_MATCH = YES;
				COPY_PHASE_STRIP = NO;
				DEBUG_INFORMATION_FORMAT = dwarf;
				ENABLE_STRICT_OBJC_MSGSEND = YES;
				ENABLE_TESTABILITY = YES;
				GCC_C_LANGUAGE_STANDARD = gnu11;
				GCC_DYNAMIC_NO_PIC = NO;
				GCC_NO_COMMON_BLOCKS = YES;
				GCC_OPTIMIZATION_LEVEL = 0;
				GCC_PREPROCESSOR_DEFINITIONS = (
					"DEBUG=1",
					"$(inherited)",
				);
				GCC_WARN_64_TO_32_BIT_CONVERSION = YES;
				GCC_WARN_ABOUT_RETURN_TYPE = YES_ERROR;
				GCC_WARN_UNDECLARED_SELECTOR = YES;
				GCC_WARN_UNINITIALIZED_AUTOS = YES_AGGRESSIVE;
				GCC_WARN_UNUSED_FUNCTION = YES;
				GCC_WARN_UNUSED_VARIABLE = YES;
				IPHONEOS_DEPLOYMENT_TARGET = 13.6;
				MTL_ENABLE_DEBUG_INFO = INCLUDE_SOURCE;
				MTL_FAST_MATH = YES;
				ONLY_ACTIVE_ARCH = YES;
				SDKROOT = iphoneos;
				SWIFT_ACTIVE_COMPILATION_CONDITIONS = DEBUG;
				SWIFT_OPTIMIZATION_LEVEL = "-Onone";
			};
			name = Debug;
		};
		8BB875F724EF9DC90081493F /* Release */ = {
			isa = XCBuildConfiguration;
			buildSettings = {
				ALWAYS_SEARCH_USER_PATHS = NO;
				CLANG_ANALYZER_NONNULL = YES;
				CLANG_ANALYZER_NUMBER_OBJECT_CONVERSION = YES_AGGRESSIVE;
				CLANG_CXX_LANGUAGE_STANDARD = "gnu++14";
				CLANG_CXX_LIBRARY = "libc++";
				CLANG_ENABLE_MODULES = YES;
				CLANG_ENABLE_OBJC_ARC = YES;
				CLANG_ENABLE_OBJC_WEAK = YES;
				CLANG_WARN_BLOCK_CAPTURE_AUTORELEASING = YES;
				CLANG_WARN_BOOL_CONVERSION = YES;
				CLANG_WARN_COMMA = YES;
				CLANG_WARN_CONSTANT_CONVERSION = YES;
				CLANG_WARN_DEPRECATED_OBJC_IMPLEMENTATIONS = YES;
				CLANG_WARN_DIRECT_OBJC_ISA_USAGE = YES_ERROR;
				CLANG_WARN_DOCUMENTATION_COMMENTS = YES;
				CLANG_WARN_EMPTY_BODY = YES;
				CLANG_WARN_ENUM_CONVERSION = YES;
				CLANG_WARN_INFINITE_RECURSION = YES;
				CLANG_WARN_INT_CONVERSION = YES;
				CLANG_WARN_NON_LITERAL_NULL_CONVERSION = YES;
				CLANG_WARN_OBJC_IMPLICIT_RETAIN_SELF = YES;
				CLANG_WARN_OBJC_LITERAL_CONVERSION = YES;
				CLANG_WARN_OBJC_ROOT_CLASS = YES_ERROR;
				CLANG_WARN_RANGE_LOOP_ANALYSIS = YES;
				CLANG_WARN_STRICT_PROTOTYPES = YES;
				CLANG_WARN_SUSPICIOUS_MOVE = YES;
				CLANG_WARN_UNGUARDED_AVAILABILITY = YES_AGGRESSIVE;
				CLANG_WARN_UNREACHABLE_CODE = YES;
				CLANG_WARN__DUPLICATE_METHOD_MATCH = YES;
				COPY_PHASE_STRIP = NO;
				DEBUG_INFORMATION_FORMAT = "dwarf-with-dsym";
				ENABLE_NS_ASSERTIONS = NO;
				ENABLE_STRICT_OBJC_MSGSEND = YES;
				GCC_C_LANGUAGE_STANDARD = gnu11;
				GCC_NO_COMMON_BLOCKS = YES;
				GCC_WARN_64_TO_32_BIT_CONVERSION = YES;
				GCC_WARN_ABOUT_RETURN_TYPE = YES_ERROR;
				GCC_WARN_UNDECLARED_SELECTOR = YES;
				GCC_WARN_UNINITIALIZED_AUTOS = YES_AGGRESSIVE;
				GCC_WARN_UNUSED_FUNCTION = YES;
				GCC_WARN_UNUSED_VARIABLE = YES;
				IPHONEOS_DEPLOYMENT_TARGET = 13.6;
				MTL_ENABLE_DEBUG_INFO = NO;
				MTL_FAST_MATH = YES;
				SDKROOT = iphoneos;
				SWIFT_COMPILATION_MODE = wholemodule;
				SWIFT_OPTIMIZATION_LEVEL = "-O";
				VALIDATE_PRODUCT = YES;
			};
			name = Release;
		};
		8BB875F924EF9DC90081493F /* Debug */ = {
			isa = XCBuildConfiguration;
			buildSettings = {
				ASSETCATALOG_COMPILER_APPICON_NAME = AppIcon;
				CODE_SIGN_STYLE = Automatic;
				DEVELOPMENT_ASSET_PATHS = "\"Bookworm/Preview Content\"";
				DEVELOPMENT_TEAM = UC6H82UP9B;
				ENABLE_PREVIEWS = YES;
				INFOPLIST_FILE = Bookworm/Info.plist;
				LD_RUNPATH_SEARCH_PATHS = (
					"$(inherited)",
					"@executable_path/Frameworks",
				);
				PRODUCT_BUNDLE_IDENTIFIER = com.plrichardson.Bookworm;
				PRODUCT_NAME = "$(TARGET_NAME)";
				SWIFT_VERSION = 5.0;
				TARGETED_DEVICE_FAMILY = "1,2";
			};
			name = Debug;
		};
		8BB875FA24EF9DC90081493F /* Release */ = {
			isa = XCBuildConfiguration;
			buildSettings = {
				ASSETCATALOG_COMPILER_APPICON_NAME = AppIcon;
				CODE_SIGN_STYLE = Automatic;
				DEVELOPMENT_ASSET_PATHS = "\"Bookworm/Preview Content\"";
				DEVELOPMENT_TEAM = UC6H82UP9B;
				ENABLE_PREVIEWS = YES;
				INFOPLIST_FILE = Bookworm/Info.plist;
				LD_RUNPATH_SEARCH_PATHS = (
					"$(inherited)",
					"@executable_path/Frameworks",
				);
				PRODUCT_BUNDLE_IDENTIFIER = com.plrichardson.Bookworm;
				PRODUCT_NAME = "$(TARGET_NAME)";
				SWIFT_VERSION = 5.0;
				TARGETED_DEVICE_FAMILY = "1,2";
			};
			name = Release;
		};
/* End XCBuildConfiguration section */

/* Begin XCConfigurationList section */
		8BB875DC24EF9DC60081493F /* Build configuration list for PBXProject "Bookworm" */ = {
			isa = XCConfigurationList;
			buildConfigurations = (
				8BB875F624EF9DC90081493F /* Debug */,
				8BB875F724EF9DC90081493F /* Release */,
			);
			defaultConfigurationIsVisible = 0;
			defaultConfigurationName = Release;
		};
		8BB875F824EF9DC90081493F /* Build configuration list for PBXNativeTarget "Bookworm" */ = {
			isa = XCConfigurationList;
			buildConfigurations = (
				8BB875F924EF9DC90081493F /* Debug */,
				8BB875FA24EF9DC90081493F /* Release */,
			);
			defaultConfigurationIsVisible = 0;
			defaultConfigurationName = Release;
		};
/* End XCConfigurationList section */

/* Begin XCVersionGroup section */
		8BB875E824EF9DC70081493F /* Bookworm.xcdatamodeld */ = {
			isa = XCVersionGroup;
			children = (
				8BB875E924EF9DC70081493F /* Bookworm.xcdatamodel */,
			);
			currentVersion = 8BB875E924EF9DC70081493F /* Bookworm.xcdatamodel */;
			path = Bookworm.xcdatamodeld;
			sourceTree = "<group>";
			versionGroupType = wrapper.xcdatamodel;
		};
/* End XCVersionGroup section */
	};
	rootObject = 8BB875D924EF9DC60081493F /* Project object */;
}
